Microsoft Visual Studio Solution File, Format Version 11.00
# Visual Studio 2008

Project("{DB96BEB3-7F73-4E43-3453-E6439B328CD4}") = "pong3d", "Assembly-CSharp.csproj", "{B2CD1801-5663-293B-EF6D-D91D7F7D602B}"
EndProject
Global
	GlobalSection(SolutionConfigurationPlatforms) = preSolution
		Debug|Any CPU = Debug|Any CPU
		Release|Any CPU = Release|Any CPU
	EndGlobalSection
	GlobalSection(ProjectConfigurationPlatforms) = postSolution
		{B2CD1801-5663-293B-EF6D-D91D7F7D602B}.Debug|Any CPU.ActiveCfg = Debug|Any CPU
		{B2CD1801-5663-293B-EF6D-D91D7F7D602B}.Debug|Any CPU.Build.0 = Debug|Any CPU
		{B2CD1801-5663-293B-EF6D-D91D7F7D602B}.Release|Any CPU.ActiveCfg = Release|Any CPU
		{B2CD1801-5663-293B-EF6D-D91D7F7D602B}.Release|Any CPU.Build.0 = Release|Any CPU
	EndGlobalSection
	GlobalSection(SolutionProperties) = preSolution
		HideSolutionNode = FALSE
	EndGlobalSection
	GlobalSection(MonoDevelopProperties) = preSolution
		StartupItem = Assembly-CSharp.csproj
	EndGlobalSection
EndGlobal
